
Microsoft Visual Studio Solution File, Format Version 12.00
# Visual Studio Version 16
VisualStudioVersion = 16.0.29306.81
MinimumVisualStudioVersion = 15.0.26124.0
Project("{2150E333-8FDC-42A3-9474-1A3956D46DE8}") = "src", "src", "{12FA2CF4-DAAE-46C2-A4F8-5D7110CC8DF7}"
EndProject
Project("{2150E333-8FDC-42A3-9474-1A3956D46DE8}") = "test", "test", "{F3CC3681-F38E-4194-BD95-22CC481D3F7E}"
EndProject
Project("{9A19103F-16F7-4668-BE54-9A1E7A4F7556}") = "_build", "build\_build.csproj", "{84C88E80-EE3D-4C90-BB4B-5BDB6516919D}"
EndProject
Project("{9A19103F-16F7-4668-BE54-9A1E7A4F7556}") = "GradeBook", "src\GradeBook.csproj", "{A4743D92-DFED-4EAE-98D5-68B86C8FF814}"
EndProject
Project("{9A19103F-16F7-4668-BE54-9A1E7A4F7556}") = "GradeBook.Tests", "tests\GradeBook.Tests.csproj", "{AF6A0BC5-C932-4FA7-81BD-17D381BA9ABC}"
EndProject
Global
	GlobalSection(SolutionConfigurationPlatforms) = preSolution
		Debug|Any CPU = Debug|Any CPU
		Debug|x64 = Debug|x64
		Debug|x86 = Debug|x86
		Release|Any CPU = Release|Any CPU
		Release|x64 = Release|x64
		Release|x86 = Release|x86
	EndGlobalSection
	GlobalSection(ProjectConfigurationPlatforms) = postSolution
		{84C88E80-EE3D-4C90-BB4B-5BDB6516919D}.Debug|Any CPU.ActiveCfg = Debug|Any CPU
		{84C88E80-EE3D-4C90-BB4B-5BDB6516919D}.Debug|x64.ActiveCfg = Debug|Any CPU
		{84C88E80-EE3D-4C90-BB4B-5BDB6516919D}.Debug|x64.Build.0 = Debug|Any CPU
		{84C88E80-EE3D-4C90-BB4B-5BDB6516919D}.Debug|x86.ActiveCfg = Debug|Any CPU
		{84C88E80-EE3D-4C90-BB4B-5BDB6516919D}.Debug|x86.Build.0 = Debug|Any CPU
		{84C88E80-EE3D-4C90-BB4B-5BDB6516919D}.Release|Any CPU.ActiveCfg = Release|Any CPU
		{84C88E80-EE3D-4C90-BB4B-5BDB6516919D}.Release|x64.ActiveCfg = Release|Any CPU
		{84C88E80-EE3D-4C90-BB4B-5BDB6516919D}.Release|x64.Build.0 = Release|Any CPU
		{84C88E80-EE3D-4C90-BB4B-5BDB6516919D}.Release|x86.ActiveCfg = Release|Any CPU
		{84C88E80-EE3D-4C90-BB4B-5BDB6516919D}.Release|x86.Build.0 = Release|Any CPU
		{A4743D92-DFED-4EAE-98D5-68B86C8FF814}.Debug|Any CPU.ActiveCfg = Debug|Any CPU
		{A4743D92-DFED-4EAE-98D5-68B86C8FF814}.Debug|Any CPU.Build.0 = Debug|Any CPU
		{A4743D92-DFED-4EAE-98D5-68B86C8FF814}.Debug|x64.ActiveCfg = Debug|Any CPU
		{A4743D92-DFED-4EAE-98D5-68B86C8FF814}.Debug|x64.Build.0 = Debug|Any CPU
		{A4743D92-DFED-4EAE-98D5-68B86C8FF814}.Debug|x86.ActiveCfg = Debug|Any CPU
		{A4743D92-DFED-4EAE-98D5-68B86C8FF814}.Debug|x86.Build.0 = Debug|Any CPU
		{A4743D92-DFED-4EAE-98D5-68B86C8FF814}.Release|Any CPU.ActiveCfg = Release|Any CPU
		{A4743D92-DFED-4EAE-98D5-68B86C8FF814}.Release|Any CPU.Build.0 = Release|Any CPU
		{A4743D92-DFED-4EAE-98D5-68B86C8FF814}.Release|x64.ActiveCfg = Release|Any CPU
		{A4743D92-DFED-4EAE-98D5-68B86C8FF814}.Release|x64.Build.0 = Release|Any CPU
		{A4743D92-DFED-4EAE-98D5-68B86C8FF814}.Release|x86.ActiveCfg = Release|Any CPU
		{A4743D92-DFED-4EAE-98D5-68B86C8FF814}.Release|x86.Build.0 = Release|Any CPU
		{AF6A0BC5-C932-4FA7-81BD-17D381BA9ABC}.Debug|Any CPU.ActiveCfg = Debug|Any CPU
		{AF6A0BC5-C932-4FA7-81BD-17D381BA9ABC}.Debug|Any CPU.Build.0 = Debug|Any CPU
		{AF6A0BC5-C932-4FA7-81BD-17D381BA9ABC}.Debug|x64.ActiveCfg = Debug|Any CPU
		{AF6A0BC5-C932-4FA7-81BD-17D381BA9ABC}.Debug|x64.Build.0 = Debug|Any CPU
		{AF6A0BC5-C932-4FA7-81BD-17D381BA9ABC}.Debug|x86.ActiveCfg = Debug|Any CPU
		{AF6A0BC5-C932-4FA7-81BD-17D381BA9ABC}.Debug|x86.Build.0 = Debug|Any CPU
		{AF6A0BC5-C932-4FA7-81BD-17D381BA9ABC}.Release|Any CPU.ActiveCfg = Release|Any CPU
		{AF6A0BC5-C932-4FA7-81BD-17D381BA9ABC}.Release|Any CPU.Build.0 = Release|Any CPU
		{AF6A0BC5-C932-4FA7-81BD-17D381BA9ABC}.Release|x64.ActiveCfg = Release|Any CPU
		{AF6A0BC5-C932-4FA7-81BD-17D381BA9ABC}.Release|x64.Build.0 = Release|Any CPU
		{AF6A0BC5-C932-4FA7-81BD-17D381BA9ABC}.Release|x86.ActiveCfg = Release|Any CPU
		{AF6A0BC5-C932-4FA7-81BD-17D381BA9ABC}.Release|x86.Build.0 = Release|Any CPU
	EndGlobalSection
	GlobalSection(SolutionProperties) = preSolution
		HideSolutionNode = FALSE
	EndGlobalSection
	GlobalSection(NestedProjects) = preSolution
		{A4743D92-DFED-4EAE-98D5-68B86C8FF814} = {12FA2CF4-DAAE-46C2-A4F8-5D7110CC8DF7}
		{AF6A0BC5-C932-4FA7-81BD-17D381BA9ABC} = {F3CC3681-F38E-4194-BD95-22CC481D3F7E}
	EndGlobalSection
	GlobalSection(ExtensibilityGlobals) = postSolution
		SolutionGuid = {DD925B6D-79CE-46D5-AAD8-189B7FB6AFAF}
	EndGlobalSection
EndGlobal
